{
  "name": "watchtower-ai",
  "version": "0.1.0",
  "lockfileVersion": 3,
  "requires": true,
  "packages": {
    "": {
      "name": "watchtower-ai",
      "version": "0.1.0",
      "dependencies": {
        "@fortawesome/fontawesome-svg-core": "^6.5.1",
        "@fortawesome/free-brands-svg-icons": "^6.5.1",
        "@fortawesome/react-fontawesome": "^0.2.0",
        "@radix-ui/react-dropdown-menu": "^2.0.6",
        "@radix-ui/react-popover": "^1.0.7",
        "@radix-ui/react-separator": "^1.0.3",
        "@radix-ui/react-slider": "^1.1.2",
        "@radix-ui/react-slot": "^1.0.2",
        "@tensorflow-models/coco-ssd": "^2.2.3",
        "@tensorflow/tfjs-backend-cpu": "^4.15.0",
        "@tensorflow/tfjs-backend-webgl": "^4.15.0",
        "@tensorflow/tfjs-converter": "^4.17.0",
        "@tensorflow/tfjs-core": "^4.17.0",
        "@tsparticles/engine": "^3.2.2",
        "@tsparticles/react": "^3.0.0",
        "@tsparticles/slim": "^3.2.2",
        "class-variance-authority": "^0.7.0",
        "clsx": "^2.1.0",
        "framer-motion": "^11.0.6",
        "lucide-react": "^0.337.0",
        "next": "14.1.1",
        "next-themes": "^0.2.1",
        "react": "^18",
        "react-dom": "^18",
        "react-loader-spinner": "^6.1.6",
        "react-webcam": "^7.2.0",
        "sonner": "^1.4.0",
        "tailwind-merge": "^2.2.1",
        "tailwindcss-animate": "^1.0.7"
      },
      "devDependencies": {
        "@types/node": "^20",
        "@types/react": "^18",
        "@types/react-dom": "^18",
        "autoprefixer": "^10.0.1",
        "eslint": "^8",
        "eslint-config-next": "14.1.0",
        "postcss": "^8",
        "tailwindcss": "^3.3.0",
        "typescript": "^5"
      }
    },
    "node_modules/@aashutoshrathi/word-wrap": {
      "version": "1.2.6",
      "resolved": "https://registry.npmjs.org/@aashutoshrathi/word-wrap/-/word-wrap-1.2.6.tgz",
      "integrity": "sha512-1Yjs2SvM8TflER/OD3cOjhWWOZb58A2t7wpE2S9XfBYTiIl+XFhQG2bjy4Pu1I+EAlCNUzRDYDdFwFYUKvXcIA==",
      "dev": true,
      "engines": {
        "node": ">=0.10.0"
      }
    },
    "node_modules/@alloc/quick-lru": {
      "version": "5.2.0",
      "resolved": "https://registry.npmjs.org/@alloc/quick-lru/-/quick-lru-5.2.0.tgz",
      "integrity": "sha512-UrcABB+4bUrFABwbluTIBErXwvbsU/V7TZWfmbgJfbkwiBuziS9gxdODUyuiecfdGQ85jglMW6juS3+z5TsKLw==",
      "engines": {
        "node": ">=10"
      },
      "funding": {
        "url": "https://github.com/sponsors/sindresorhus"
      }
    },
    "node_modules/@babel/runtime": {
      "version": "7.23.9",
      "resolved": "https://registry.npmjs.org/@babel/runtime/-/runtime-7.23.9.tgz",
      "integrity": "sha512-0CX6F+BI2s9dkUqr08KFrAIZgNFj75rdBU/DjCyYLIaV/quFjkk6T+EJ2LkZHyZTbEV4L5p97mNkUsHl2wLFAw==",
      "dependencies": {
        "regenerator-runtime": "^0.14.0"
      },
      "engines": {
        "node": ">=6.9.0"
      }
    },
    "node_modules/@emotion/is-prop-valid": {
      "version": "1.2.1",
      "resolved": "https://registry.npmjs.org/@emotion/is-prop-valid/-/is-prop-valid-1.2.1.tgz",
      "integrity": "sha512-61Mf7Ufx4aDxx1xlDeOm8aFFigGHE4z+0sKCa+IHCeZKiyP9RLD0Mmx7m8b9/Cf37f7NAvQOOJAbQQGVr5uERw==",
      "dependencies": {
        "@emotion/memoize": "^0.8.1"
      }
    },
    "node_modules/@emotion/memoize": {
      "version": "0.8.1",
      "resolved": "https://registry.npmjs.org/@emotion/memoize/-/memoize-0.8.1.tgz",
      "integrity": "sha512-W2P2c/VRW1/1tLox0mVUalvnWXxavmv/Oum2aPsRcoDJuob75FC3Y8FbpfLwUegRcxINtGUMPq0tFCvYNTBXNA=="
    },
    "node_modules/@emotion/unitless": {
      "version": "0.8.0",
      "resolved": "https://registry.npmjs.org/@emotion/unitless/-/unitless-0.8.0.tgz",
      "integrity": "sha512-VINS5vEYAscRl2ZUDiT3uMPlrFQupiKgHz5AA4bCH1miKBg4qtwkim1qPmJj/4WG6TreYMY111rEFsjupcOKHw=="
 